
Microsoft Visual Studio Solution File, Format Version 12.00
# Visual Studio 2013
VisualStudioVersion = 12.0.40629.0
MinimumVisualStudioVersion = 10.0.40219.1
Project("{FAE04EC0-301F-11D3-BF4B-00C04F79EFBC}") = "OAuthServer", "OAuthServer\OAuthServer.csproj", "{31B68B30-D29E-42C1-BD0B-DBAC5D96D9E5}"
EndProject
Project("{2150E333-8FDC-42A3-9474-1A3956D46DE8}") = ".nuget", ".nuget", "{E62527A1-3FF1-45D6-8DF3-842D07906EC6}"
	ProjectSection(SolutionItems) = preProject
		.nuget\NuGet.Config = .nuget\NuGet.Config
		.nuget\NuGet.exe = .nuget\NuGet.exe
		.nuget\NuGet.targets = .nuget\NuGet.targets
	EndProjectSection
EndProject
Project("{FAE04EC0-301F-11D3-BF4B-00C04F79EFBC}") = "OAuthManagementApp", "AuthManagement\OAuthManagementApp.csproj", "{75CAF012-91AD-4D81-BAA8-0259E0F9DE8A}"
EndProject
Project("{2150E333-8FDC-42A3-9474-1A3956D46DE8}") = "Doc", "Doc", "{040C3CDD-2016-4397-B2EE-944855B1B4AF}"
	ProjectSection(SolutionItems) = preProject
		Doc\Anteproyectodefindecarrera.docx = Doc\Anteproyectodefindecarrera.docx
		Doc\Anteproyectodefindecarrera.odt = Doc\Anteproyectodefindecarrera.odt
		Doc\Memoria.odt = Doc\Memoria.odt
	EndProjectSection
EndProject
Global
	GlobalSection(TeamFoundationVersionControl) = preSolution
		SccNumberOfProjects = 3
		SccEnterpriseProvider = {4CA58AB2-18FA-4F8D-95D4-32DDF27D184C}
		SccTeamFoundationServer = https://jumuro.visualstudio.com/defaultcollection
		SccLocalPath0 = .
		SccProjectUniqueName1 = OAuthServer\\OAuthServer.csproj
		SccProjectName1 = OAuthServer
		SccLocalPath1 = OAuthServer
		SccProjectUniqueName2 = AuthManagement\\OAuthManagementApp.csproj
		SccProjectName2 = AuthManagement
		SccLocalPath2 = AuthManagement
	EndGlobalSection
	GlobalSection(SolutionConfigurationPlatforms) = preSolution
		Debug|Any CPU = Debug|Any CPU
		Release|Any CPU = Release|Any CPU
		Test|Any CPU = Test|Any CPU
	EndGlobalSection
	GlobalSection(ProjectConfigurationPlatforms) = postSolution
		{31B68B30-D29E-42C1-BD0B-DBAC5D96D9E5}.Debug|Any CPU.ActiveCfg = Debug|Any CPU
		{31B68B30-D29E-42C1-BD0B-DBAC5D96D9E5}.Debug|Any CPU.Build.0 = Debug|Any CPU
		{31B68B30-D29E-42C1-BD0B-DBAC5D96D9E5}.Release|Any CPU.ActiveCfg = Release|Any CPU
		{31B68B30-D29E-42C1-BD0B-DBAC5D96D9E5}.Release|Any CPU.Build.0 = Release|Any CPU
		{31B68B30-D29E-42C1-BD0B-DBAC5D96D9E5}.Test|Any CPU.ActiveCfg = Release|Any CPU
		{31B68B30-D29E-42C1-BD0B-DBAC5D96D9E5}.Test|Any CPU.Build.0 = Release|Any CPU
		{75CAF012-91AD-4D81-BAA8-0259E0F9DE8A}.Debug|Any CPU.ActiveCfg = Debug|Any CPU
		{75CAF012-91AD-4D81-BAA8-0259E0F9DE8A}.Debug|Any CPU.Build.0 = Debug|Any CPU
		{75CAF012-91AD-4D81-BAA8-0259E0F9DE8A}.Release|Any CPU.ActiveCfg = Release|Any CPU
		{75CAF012-91AD-4D81-BAA8-0259E0F9DE8A}.Release|Any CPU.Build.0 = Release|Any CPU
		{75CAF012-91AD-4D81-BAA8-0259E0F9DE8A}.Test|Any CPU.ActiveCfg = Test|Any CPU
		{75CAF012-91AD-4D81-BAA8-0259E0F9DE8A}.Test|Any CPU.Build.0 = Test|Any CPU
	EndGlobalSection
	GlobalSection(SolutionProperties) = preSolution
		HideSolutionNode = FALSE
	EndGlobalSection
EndGlobal
